
Microsoft Visual Studio Solution File, Format Version 12.00
# Visual Studio 15
Project("{FAE04EC0-301F-11D3-BF4B-00C04F79EFBC}") = "Assembly-CSharp", "Assembly-CSharp.csproj", "{DCF96965-E2D9-3948-8194-20337A0A9A9F}"
EndProject
Project("{FAE04EC0-301F-11D3-BF4B-00C04F79EFBC}") = "Assembly-CSharp-Editor-firstpass", "Assembly-CSharp-Editor-firstpass.csproj", "{BD494468-7A35-ADDB-3372-B1F00213363A}"
EndProject
Project("{FAE04EC0-301F-11D3-BF4B-00C04F79EFBC}") = "Assembly-CSharp-Editor", "Assembly-CSharp-Editor.csproj", "{D42079CD-B54D-1369-B4B7-F2AB17548249}"
EndProject
Global
	GlobalSection(SolutionConfigurationPlatforms) = preSolution
		Debug|Any CPU = Debug|Any CPU
		Release|Any CPU = Release|Any CPU
	EndGlobalSection
	GlobalSection(ProjectConfigurationPlatforms) = postSolution
		{DCF96965-E2D9-3948-8194-20337A0A9A9F}.Debug|Any CPU.ActiveCfg = Debug|Any CPU
		{DCF96965-E2D9-3948-8194-20337A0A9A9F}.Debug|Any CPU.Build.0 = Debug|Any CPU
		{DCF96965-E2D9-3948-8194-20337A0A9A9F}.Release|Any CPU.ActiveCfg = Release|Any CPU
		{DCF96965-E2D9-3948-8194-20337A0A9A9F}.Release|Any CPU.Build.0 = Release|Any CPU
		{BD494468-7A35-ADDB-3372-B1F00213363A}.Debug|Any CPU.ActiveCfg = Debug|Any CPU
		{BD494468-7A35-ADDB-3372-B1F00213363A}.Debug|Any CPU.Build.0 = Debug|Any CPU
		{BD494468-7A35-ADDB-3372-B1F00213363A}.Release|Any CPU.ActiveCfg = Release|Any CPU
		{BD494468-7A35-ADDB-3372-B1F00213363A}.Release|Any CPU.Build.0 = Release|Any CPU
		{D42079CD-B54D-1369-B4B7-F2AB17548249}.Debug|Any CPU.ActiveCfg = Debug|Any CPU
		{D42079CD-B54D-1369-B4B7-F2AB17548249}.Debug|Any CPU.Build.0 = Debug|Any CPU
		{D42079CD-B54D-1369-B4B7-F2AB17548249}.Release|Any CPU.ActiveCfg = Release|Any CPU
		{D42079CD-B54D-1369-B4B7-F2AB17548249}.Release|Any CPU.Build.0 = Release|Any CPU
	EndGlobalSection
	GlobalSection(SolutionProperties) = preSolution
		HideSolutionNode = FALSE
	EndGlobalSection
EndGlobal
